
Microsoft Visual Studio Solution File, Format Version 12.00
# Visual Studio 15
VisualStudioVersion = 15.0.27130.2024
MinimumVisualStudioVersion = 10.0.40219.1
Project("{9A19103F-16F7-4668-BE54-9A1E7A4F7556}") = "InstaBotPrototype", "InstaBotPrototype\InstaBotPrototype.csproj", "{11FFC5F1-984D-440C-AA2D-9306FEE59D7B}"
EndProject
Project("{FAE04EC0-301F-11D3-BF4B-00C04F79EFBC}") = "DBMigrator", "DBMigrator\DBMigrator.csproj", "{DD19ED8D-4683-4438-88B7-09E04B056EAD}"
EndProject
Project("{FAE04EC0-301F-11D3-BF4B-00C04F79EFBC}") = "TelegramTestBot", "TelegramTestBot\TelegramTestBot.csproj", "{FACF746F-1BB8-4768-927C-3CF6E4AEF3FF}"
EndProject
Project("{FAE04EC0-301F-11D3-BF4B-00C04F79EFBC}") = "RepositoryLibrary", "RepositoryLibrary\RepositoryLibrary.csproj", "{AF853208-83B5-4F92-9481-E3FE8DD05186}"
EndProject
Global
	GlobalSection(SolutionConfigurationPlatforms) = preSolution
		Debug|Any CPU = Debug|Any CPU
		Release|Any CPU = Release|Any CPU
	EndGlobalSection
	GlobalSection(ProjectConfigurationPlatforms) = postSolution
		{11FFC5F1-984D-440C-AA2D-9306FEE59D7B}.Debug|Any CPU.ActiveCfg = Debug|Any CPU
		{11FFC5F1-984D-440C-AA2D-9306FEE59D7B}.Debug|Any CPU.Build.0 = Debug|Any CPU
		{11FFC5F1-984D-440C-AA2D-9306FEE59D7B}.Release|Any CPU.ActiveCfg = Release|Any CPU
		{11FFC5F1-984D-440C-AA2D-9306FEE59D7B}.Release|Any CPU.Build.0 = Release|Any CPU
		{DD19ED8D-4683-4438-88B7-09E04B056EAD}.Debug|Any CPU.ActiveCfg = Debug|Any CPU
		{DD19ED8D-4683-4438-88B7-09E04B056EAD}.Debug|Any CPU.Build.0 = Debug|Any CPU
		{DD19ED8D-4683-4438-88B7-09E04B056EAD}.Release|Any CPU.ActiveCfg = Release|Any CPU
		{DD19ED8D-4683-4438-88B7-09E04B056EAD}.Release|Any CPU.Build.0 = Release|Any CPU
		{FACF746F-1BB8-4768-927C-3CF6E4AEF3FF}.Debug|Any CPU.ActiveCfg = Debug|Any CPU
		{FACF746F-1BB8-4768-927C-3CF6E4AEF3FF}.Debug|Any CPU.Build.0 = Debug|Any CPU
		{FACF746F-1BB8-4768-927C-3CF6E4AEF3FF}.Release|Any CPU.ActiveCfg = Release|Any CPU
		{FACF746F-1BB8-4768-927C-3CF6E4AEF3FF}.Release|Any CPU.Build.0 = Release|Any CPU
		{AF853208-83B5-4F92-9481-E3FE8DD05186}.Debug|Any CPU.ActiveCfg = Debug|Any CPU
		{AF853208-83B5-4F92-9481-E3FE8DD05186}.Debug|Any CPU.Build.0 = Debug|Any CPU
		{AF853208-83B5-4F92-9481-E3FE8DD05186}.Release|Any CPU.ActiveCfg = Release|Any CPU
		{AF853208-83B5-4F92-9481-E3FE8DD05186}.Release|Any CPU.Build.0 = Release|Any CPU
	EndGlobalSection
	GlobalSection(SolutionProperties) = preSolution
		HideSolutionNode = FALSE
	EndGlobalSection
	GlobalSection(ExtensibilityGlobals) = postSolution
		SolutionGuid = {98561D51-41B4-413A-B738-82698ED181C7}
	EndGlobalSection
EndGlobal
